// !$*UTF8*$!
{
	archiveVersion = 1;
	classes = {
	};
	objectVersion = 48;
	objects = {

/* Begin PBXBuildFile section */
		8A4F1C8F200E9FD500BD0360 /* AppDelegate.m in Sources */ = {isa = PBXBuildFile; fileRef = 8A4F1C8E200E9FD500BD0360 /* AppDelegate.m */; };
		8A4F1C9B200E9FD500BD0360 /* Main.storyboard in Resources */ = {isa = PBXBuildFile; fileRef = 8A4F1C99200E9FD500BD0360 /* Main.storyboard */; };
		8A4F1C9D200E9FD500BD0360 /* Assets.xcassets in Resources */ = {isa = PBXBuildFile; fileRef = 8A4F1C9C200E9FD500BD0360 /* Assets.xcassets */; };
		8A4F1CA0200E9FD500BD0360 /* LaunchScreen.storyboard in Resources */ = {isa = PBXBuildFile; fileRef = 8A4F1C9E200E9FD500BD0360 /* LaunchScreen.storyboard */; };
		8A4F1CA3200E9FD500BD0360 /* main.m in Sources */ = {isa = PBXBuildFile; fileRef = 8A4F1CA2200E9FD500BD0360 /* main.m */; };
		8A4F1CAD200E9FD600BD0360 /* iOS_MinerTests.m in Sources */ = {isa = PBXBuildFile; fileRef = 8A4F1CAC200E9FD600BD0360 /* iOS_MinerTests.m */; };
		8A4F1CB8200E9FD600BD0360 /* iOS_MinerUITests.m in Sources */ = {isa = PBXBuildFile; fileRef = 8A4F1CB7200E9FD600BD0360 /* iOS_MinerUITests.m */; };
		8A4F1CCA200EA69500BD0360 /* BackgroundTask.m in Sources */ = {isa = PBXBuildFile; fileRef = 8A4F1CC9200EA69500BD0360 /* BackgroundTask.m */; };
		8A4F1CCD200EA75500BD0360 /* CustomCell.m in Sources */ = {isa = PBXBuildFile; fileRef = 8A4F1CCC200EA75500BD0360 /* CustomCell.m */; };
		8A4F1CD0200EA7DB00BD0360 /* GrayTableController.m in Sources */ = {isa = PBXBuildFile; fileRef = 8A4F1CCF200EA7DB00BD0360 /* GrayTableController.m */; };
		8A4F1CD3200EA94A00BD0360 /* LicenseViewController.m in Sources */ = {isa = PBXBuildFile; fileRef = 8A4F1CD2200EA94A00BD0360 /* LicenseViewController.m */; };
		8A4F1CD6200EAA6400BD0360 /* LogViewController.m in Sources */ = {isa = PBXBuildFile; fileRef = 8A4F1CD5200EAA6400BD0360 /* LogViewController.m */; };
		8A4F1CD9200EAB3500BD0360 /* MainViewController.m in Sources */ = {isa = PBXBuildFile; fileRef = 8A4F1CD8200EAB3500BD0360 /* MainViewController.m */; };
		8A4F1CDC200EAB8300BD0360 /* ManageConfigurationController.m in Sources */ = {isa = PBXBuildFile; fileRef = 8A4F1CDB200EAB8300BD0360 /* ManageConfigurationController.m */; };
		8A4F1CDF200EABF400BD0360 /* Reachability.m in Sources */ = {isa = PBXBuildFile; fileRef = 8A4F1CDE200EABF400BD0360 /* Reachability.m */; };
		8A4F1CE1200EAC2D00BD0360 /* ViewController.m in Sources */ = {isa = PBXBuildFile; fileRef = 8A4F1CE0200EAC2D00BD0360 /* ViewController.m */; };
		8A4F1CE5200EACBA00BD0360 /* AddConfigurationViewController.m in Sources */ = {isa = PBXBuildFile; fileRef = 8A4F1CE4200EACBA00BD0360 /* AddConfigurationViewController.m */; };
		8A4F1CEA200EAD0400BD0360 /* Disclaimer.txt in Resources */ = {isa = PBXBuildFile; fileRef = 8A4F1CE7200EAD0300BD0360 /* Disclaimer.txt */; };
		8A4F1CEB200EAD0400BD0360 /* empty.wav in Resources */ = {isa = PBXBuildFile; fileRef = 8A4F1CE8200EAD0300BD0360 /* empty.wav */; };
		8A4F1CEC200EAD0400BD0360 /* License.txt in Resources */ = {isa = PBXBuildFile; fileRef = 8A4F1CE9200EAD0300BD0360 /* License.txt */; };
		8A4F1CFA200EB16000BD0360 /* love@2x.png in Resources */ = {isa = PBXBuildFile; fileRef = 8A4F1CF9200EB16000BD0360 /* love@2x.png */; };
		8A4F1D48200EC52800BD0360 /* minerd.a in Frameworks */ = {isa = PBXBuildFile; fileRef = 8A4F1D47200EC52800BD0360 /* minerd.a */; };
		8A4F1D4A200EC54A00BD0360 /* libcrypto.a in Frameworks */ = {isa = PBXBuildFile; fileRef = 8A4F1D49200EC54A00BD0360 /* libcrypto.a */; };
		8A4F1D4C200EC55300BD0360 /* libjansson.a in Frameworks */ = {isa = PBXBuildFile; fileRef = 8A4F1D4B200EC55300BD0360 /* libjansson.a */; };
		8A4F1D4E200EC55C00BD0360 /* libcurl.a in Frameworks */ = {isa = PBXBuildFile; fileRef = 8A4F1D4D200EC55C00BD0360 /* libcurl.a */; };
/* End PBXBuildFile section */

/* Begin PBXContainerItemProxy section */
		8A4F1CA9200E9FD600BD0360 /* PBXContainerItemProxy */ = {
			isa = PBXContainerItemProxy;
			containerPortal = 8A4F1C82200E9FD500BD0360 /* Project object */;
			proxyType = 1;
			remoteGlobalIDString = 8A4F1C89200E9FD500BD0360;
			remoteInfo = "iOS Miner";
		};
		8A4F1CB4200E9FD600BD0360 /* PBXContainerItemProxy */ = {
			isa = PBXContainerItemProxy;
			containerPortal = 8A4F1C82200E9FD500BD0360 /* Project object */;
			proxyType = 1;
			remoteGlobalIDString = 8A4F1C89200E9FD500BD0360;
			remoteInfo = "iOS Miner";
		};
/* End PBXContainerItemProxy section */

/* Begin PBXFileReference section */
		8A4F1C8A200E9FD500BD0360 /* iOS Miner.app */ = {isa = PBXFileReference; explicitFileType = wrapper.application; includeInIndex = 0; path = "iOS Miner.app"; sourceTree = BUILT_PRODUCTS_DIR; };
		8A4F1C8D200E9FD500BD0360 /* AppDelegate.h */ = {isa = PBXFileReference; lastKnownFileType = sourcecode.c.h; path = AppDelegate.h; sourceTree = "<group>"; };
		8A4F1C8E200E9FD500BD0360 /* AppDelegate.m */ = {isa = PBXFileReference; lastKnownFileType = sourcecode.c.objc; path = AppDelegate.m; sourceTree = "<group>"; };
		8A4F1C9A200E9FD500BD0360 /* Base */ = {isa = PBXFileReference; lastKnownFileType = file.storyboard; name = Base; path = Base.lproj/Main.storyboard; sourceTree = "<group>"; };
		8A4F1C9C200E9FD500BD0360 /* Assets.xcassets */ = {isa = PBXFileReference; lastKnownFileType = folder.assetcatalog; path = Assets.xcassets; sourceTree = "<group>"; };
		8A4F1C9F200E9FD500BD0360 /* Base */ = {isa = PBXFileReference; lastKnownFileType = file.storyboard; name = Base; path = Base.lproj/LaunchScreen.storyboard; sourceTree = "<group>"; };
		8A4F1CA1200E9FD500BD0360 /* Info.plist */ = {isa = PBXFileReference; lastKnownFileType = text.plist.xml; path = Info.plist; sourceTree = "<group>"; };
		8A4F1CA2200E9FD500BD0360 /* main.m */ = {isa = PBXFileReference; lastKnownFileType = sourcecode.c.objc; path = main.m; sourceTree = "<group>"; };
		8A4F1CA8200E9FD600BD0360 /* iOS MinerTests.xctest */ = {isa = PBXFileReference; explicitFileType = wrapper.cfbundle; includeInIndex = 0; path = "iOS MinerTests.xctest"; sourceTree = BUILT_PRODUCTS_DIR; };
		8A4F1CAC200E9FD600BD0360 /* iOS_MinerTests.m */ = {isa = PBXFileReference; lastKnownFileType = sourcecode.c.objc; path = iOS_MinerTests.m; sourceTree = "<group>"; };
		8A4F1CAE200E9FD600BD0360 /* Info.plist */ = {isa = PBXFileReference; lastKnownFileType = text.plist.xml; path = Info.plist; sourceTree = "<group>"; };
		8A4F1CB3200E9FD600BD0360 /* iOS MinerUITests.xctest */ = {isa = PBXFileReference; explicitFileType = wrapper.cfbundle; includeInIndex = 0; path = "iOS MinerUITests.xctest"; sourceTree = BUILT_PRODUCTS_DIR; };
		8A4F1CB7200E9FD600BD0360 /* iOS_MinerUITests.m */ = {isa = PBXFileReference; lastKnownFileType = sourcecode.c.objc; path = iOS_MinerUITests.m; sourceTree = "<group>"; };
		8A4F1CB9200E9FD600BD0360 /* Info.plist */ = {isa = PBXFileReference; lastKnownFileType = text.plist.xml; path = Info.plist; sourceTree = "<group>"; };
		8A4F1CC8200EA62900BD0360 /* BackgroundTask.h */ = {isa = PBXFileReference; lastKnownFileType = sourcecode.c.h; path = BackgroundTask.h; sourceTree = "<group>"; };
		8A4F1CC9200EA69500BD0360 /* BackgroundTask.m */ = {isa = PBXFileReference; lastKnownFileType = sourcecode.c.objc; path = BackgroundTask.m; sourceTree = "<group>"; };
		8A4F1CCB200EA6EE00BD0360 /* CustomCell.h */ = {isa = PBXFileReference; lastKnownFileType = sourcecode.c.h; path = CustomCell.h; sourceTree = "<group>"; };
		8A4F1CCC200EA75500BD0360 /* CustomCell.m */ = {isa = PBXFileReference; lastKnownFileType = sourcecode.c.objc; path = CustomCell.m; sourceTree = "<group>"; };
		8A4F1CCE200EA7C800BD0360 /* GrayTableController.h */ = {isa = PBXFileReference; lastKnownFileType = sourcecode.c.h; path = GrayTableController.h; sourceTree = "<group>"; };
		8A4F1CCF200EA7DB00BD0360 /* GrayTableController.m */ = {isa = PBXFileReference; lastKnownFileType = sourcecode.c.objc; path = GrayTableController.m; sourceTree = "<group>"; };
		8A4F1CD1200EA93500BD0360 /* LicenseViewController.h */ = {isa = PBXFileReference; lastKnownFileType = sourcecode.c.h; path = LicenseViewController.h; sourceTree = "<group>"; };
		8A4F1CD2200EA94A00BD0360 /* LicenseViewController.m */ = {isa = PBXFileReference; lastKnownFileType = sourcecode.c.objc; path = LicenseViewController.m; sourceTree = "<group>"; };
		8A4F1CD4200EAA3400BD0360 /* LogViewController.h */ = {isa = PBXFileReference; lastKnownFileType = sourcecode.c.h; path = LogViewController.h; sourceTree = "<group>"; };
		8A4F1CD5200EAA6400BD0360 /* LogViewController.m */ = {isa = PBXFileReference; lastKnownFileType = sourcecode.c.objc; path = LogViewController.m; sourceTree = "<group>"; };
		8A4F1CD7200EAAE000BD0360 /* MainViewController.h */ = {isa = PBXFileReference; lastKnownFileType = sourcecode.c.h; path = MainViewController.h; sourceTree = "<group>"; };
		8A4F1CD8200EAB3500BD0360 /* MainViewController.m */ = {isa = PBXFileReference; lastKnownFileType = sourcecode.c.objc; path = MainViewController.m; sourceTree = "<group>"; };
		8A4F1CDA200EAB5E00BD0360 /* ManageConfigurationController.h */ = {isa = PBXFileReference; lastKnownFileType = sourcecode.c.h; path = ManageConfigurationController.h; sourceTree = "<group>"; };
		8A4F1CDB200EAB8300BD0360 /* ManageConfigurationController.m */ = {isa = PBXFileReference; lastKnownFileType = sourcecode.c.objc; path = ManageConfigurationController.m; sourceTree = "<group>"; };
		8A4F1CDD200EABC000BD0360 /* Reachability.h */ = {isa = PBXFileReference; lastKnownFileType = sourcecode.c.h; path = Reachability.h; sourceTree = "<group>"; };
		8A4F1CDE200EABF400BD0360 /* Reachability.m */ = {isa = PBXFileReference; lastKnownFileType = sourcecode.c.objc; path = Reachability.m; sourceTree = "<group>"; };
		8A4F1CE0200EAC2D00BD0360 /* ViewController.m */ = {isa = PBXFileReference; lastKnownFileType = sourcecode.c.objc; path = ViewController.m; sourceTree = "<group>"; };
		8A4F1CE2200EAC3D00BD0360 /* ViewController.h */ = {isa = PBXFileReference; lastKnownFileType = sourcecode.c.h; path = ViewController.h; sourceTree = "<group>"; };
		8A4F1CE3200EAC9000BD0360 /* AddConfigurationViewController.h */ = {isa = PBXFileReference; lastKnownFileType = sourcecode.c.h; path = AddConfigurationViewController.h; sourceTree = "<group>"; };
		8A4F1CE4200EACBA00BD0360 /* AddConfigurationViewController.m */ = {isa = PBXFileReference; lastKnownFileType = sourcecode.c.objc; path = AddConfigurationViewController.m; sourceTree = "<group>"; };
		8A4F1CE7200EAD0300BD0360 /* Disclaimer.txt */ = {isa = PBXFileReference; fileEncoding = 4; lastKnownFileType = text; path = Disclaimer.txt; sourceTree = "<group>"; };
		8A4F1CE8200EAD0300BD0360 /* empty.wav */ = {isa = PBXFileReference; lastKnownFileType = audio.wav; path = empty.wav; sourceTree = "<group>"; };
		8A4F1CE9200EAD0300BD0360 /* License.txt */ = {isa = PBXFileReference; fileEncoding = 4; lastKnownFileType = text; path = License.txt; sourceTree = "<group>"; };
		8A4F1CF9200EB16000BD0360 /* love@2x.png */ = {isa = PBXFileReference; lastKnownFileType = image.png; path = "love@2x.png"; sourceTree = "<group>"; };
		8A4F1D47200EC52800BD0360 /* minerd.a */ = {isa = PBXFileReference; lastKnownFileType = archive.ar; path = minerd.a; sourceTree = "<group>"; };
		8A4F1D49200EC54A00BD0360 /* libcrypto.a */ = {isa = PBXFileReference; lastKnownFileType = archive.ar; path = libcrypto.a; sourceTree = "<group>"; };
		8A4F1D4B200EC55300BD0360 /* libjansson.a */ = {isa = PBXFileReference; lastKnownFileType = archive.ar; path = libjansson.a; sourceTree = "<group>"; };
		8A4F1D4D200EC55C00BD0360 /* libcurl.a */ = {isa = PBXFileReference; lastKnownFileType = archive.ar; path = libcurl.a; sourceTree = "<group>"; };
/* End PBXFileReference section */

/* Begin PBXFrameworksBuildPhase section */
		8A4F1C87200E9FD500BD0360 /* Frameworks */ = {
			isa = PBXFrameworksBuildPhase;
			buildActionMask = 2147483647;
			files = (
				8A4F1D4C200EC55300BD0360 /* libjansson.a in Frameworks */,
				8A4F1D4E200EC55C00BD0360 /* libcurl.a in Frameworks */,
				8A4F1D4A200EC54A00BD0360 /* libcrypto.a in Frameworks */,
				8A4F1D48200EC52800BD0360 /* minerd.a in Frameworks */,
			);
			runOnlyForDeploymentPostprocessing = 0;
		};
		8A4F1CA5200E9FD600BD0360 /* Frameworks */ = {
			isa = PBXFrameworksBuildPhase;
			buildActionMask = 2147483647;
			files = (
			);
			runOnlyForDeploymentPostprocessing = 0;
		};
		8A4F1CB0200E9FD600BD0360 /* Frameworks */ = {
			isa = PBXFrameworksBuildPhase;
			buildActionMask = 2147483647;
			files = (
			);
			runOnlyForDeploymentPostprocessing = 0;
		};
/* End PBXFrameworksBuildPhase section */

/* Begin PBXGroup section */
		8A4F1C81200E9FD500BD0360 = {
			isa = PBXGroup;
			children = (
				8A4F1C8C200E9FD500BD0360 /* iOS Miner */,
				8A4F1CAB200E9FD600BD0360 /* iOS MinerTests */,
				8A4F1CB6200E9FD600BD0360 /* iOS MinerUITests */,
				8A4F1C8B200E9FD500BD0360 /* Products */,
				8A4F1D29200EC1BA00BD0360 /* Frameworks */,
			);
			sourceTree = "<group>";
		};
		8A4F1C8B200E9FD500BD0360 /* Products */ = {
			isa = PBXGroup;
			children = (
				8A4F1C8A200E9FD500BD0360 /* iOS Miner.app */,
				8A4F1CA8200E9FD600BD0360 /* iOS MinerTests.xctest */,
				8A4F1CB3200E9FD600BD0360 /* iOS MinerUITests.xctest */,
			);
			name = Products;
			sourceTree = "<group>";
		};
		8A4F1C8C200E9FD500BD0360 /* iOS Miner */ = {
			isa = PBXGroup;
			children = (
				8A4F1CE3200EAC9000BD0360 /* AddConfigurationViewController.h */,
				8A4F1CE4200EACBA00BD0360 /* AddConfigurationViewController.m */,
				8A4F1C8D200E9FD500BD0360 /* AppDelegate.h */,
				8A4F1C8E200E9FD500BD0360 /* AppDelegate.m */,
				8A4F1C9C200E9FD500BD0360 /* Assets.xcassets */,
				8A4F1CC8200EA62900BD0360 /* BackgroundTask.h */,
				8A4F1CC9200EA69500BD0360 /* BackgroundTask.m */,
				8A4F1CCB200EA6EE00BD0360 /* CustomCell.h */,
				8A4F1CCC200EA75500BD0360 /* CustomCell.m */,
				8A4F1CCE200EA7C800BD0360 /* GrayTableController.h */,
				8A4F1CCF200EA7DB00BD0360 /* GrayTableController.m */,
				8A4F1CA1200E9FD500BD0360 /* Info.plist */,
				8A4F1C9E200E9FD500BD0360 /* LaunchScreen.storyboard */,
				8A4F1D49200EC54A00BD0360 /* libcrypto.a */,
				8A4F1D4D200EC55C00BD0360 /* libcurl.a */,
				8A4F1D4B200EC55300BD0360 /* libjansson.a */,
				8A4F1CD1200EA93500BD0360 /* LicenseViewController.h */,
				8A4F1CD2200EA94A00BD0360 /* LicenseViewController.m */,
				8A4F1CD4200EAA3400BD0360 /* LogViewController.h */,
				8A4F1CD5200EAA6400BD0360 /* LogViewController.m */,
				8A4F1CF9200EB16000BD0360 /* love@2x.png */,
				8A4F1CA2200E9FD500BD0360 /* main.m */,
				8A4F1C99200E9FD500BD0360 /* Main.storyboard */,
				8A4F1CD7200EAAE000BD0360 /* MainViewController.h */,
				8A4F1CD8200EAB3500BD0360 /* MainViewController.m */,
				8A4F1CDA200EAB5E00BD0360 /* ManageConfigurationController.h */,
				8A4F1CDB200EAB8300BD0360 /* ManageConfigurationController.m */,
				8A4F1D47200EC52800BD0360 /* minerd.a */,
				8A4F1CDD200EABC000BD0360 /* Reachability.h */,
				8A4F1CDE200EABF400BD0360 /* Reachability.m */,
				8A4F1CE6200EAD0300BD0360 /* Supporting Files */,
				8A4F1CE2200EAC3D00BD0360 /* ViewController.h */,
				8A4F1CE0200EAC2D00BD0360 /* ViewController.m */,
			);
			path = "iOS Miner";
			sourceTree = "<group>";
		};
		8A4F1CAB200E9FD600BD0360 /* iOS MinerTests */ = {
			isa = PBXGroup;
			children = (
				8A4F1CAC200E9FD600BD0360 /* iOS_MinerTests.m */,
				8A4F1CAE200E9FD600BD0360 /* Info.plist */,
			);
			path = "iOS MinerTests";
			sourceTree = "<group>";
		};
		8A4F1CB6200E9FD600BD0360 /* iOS MinerUITests */ = {
			isa = PBXGroup;
			children = (
				8A4F1CB7200E9FD600BD0360 /* iOS_MinerUITests.m */,
				8A4F1CB9200E9FD600BD0360 /* Info.plist */,
			);
			path = "iOS MinerUITests";
			sourceTree = "<group>";
		};
		8A4F1CE6200EAD0300BD0360 /* Supporting Files */ = {
			isa = PBXGroup;
			children = (
				8A4F1CE7200EAD0300BD0360 /* Disclaimer.txt */,
				8A4F1CE8200EAD0300BD0360 /* empty.wav */,
				8A4F1CE9200EAD0300BD0360 /* License.txt */,
			);
			path = "Supporting Files";
			sourceTree = "<group>";
		};
		8A4F1D29200EC1BA00BD0360 /* Frameworks */ = {
			isa = PBXGroup;
			children = (
			);
			name = Frameworks;
			sourceTree = "<group>";
		};
/* End PBXGroup section */

/* Begin PBXNativeTarget section */
		8A4F1C89200E9FD500BD0360 /* iOS Miner */ = {
			isa = PBXNativeTarget;
			buildConfigurationList = 8A4F1CBC200E9FD600BD0360 /* Build configuration list for PBXNativeTarget "iOS Miner" */;
			buildPhases = (
				8A4F1C86200E9FD500BD0360 /* Sources */,
				8A4F1C87200E9FD500BD0360 /* Frameworks */,
				8A4F1C88200E9FD500BD0360 /* Resources */,
			);
			buildRules = (
			);
			dependencies = (
			);
			name = "iOS Miner";
			productName = "iOS Miner";
			productReference = 8A4F1C8A200E9FD500BD0360 /* iOS Miner.app */;
			productType = "com.apple.product-type.application";
		};
		8A4F1CA7200E9FD600BD0360 /* iOS MinerTests */ = {
			isa = PBXNativeTarget;
			buildConfigurationList = 8A4F1CBF200E9FD600BD0360 /* Build configuration list for PBXNativeTarget "iOS MinerTests" */;
			buildPhases = (
				8A4F1CA4200E9FD600BD0360 /* Sources */,
				8A4F1CA5200E9FD600BD0360 /* Frameworks */,
				8A4F1CA6200E9FD600BD0360 /* Resources */,
			);
			buildRules = (
			);
			dependencies = (
				8A4F1CAA200E9FD600BD0360 /* PBXTargetDependency */,
			);
			name = "iOS MinerTests";
			productName = "iOS MinerTests";
			productReference = 8A4F1CA8200E9FD600BD0360 /* iOS MinerTests.xctest */;
			productType = "com.apple.product-type.bundle.unit-test";
		};
		8A4F1CB2200E9FD600BD0360 /* iOS MinerUITests */ = {
			isa = PBXNativeTarget;
			buildConfigurationList = 8A4F1CC2200E9FD600BD0360 /* Build configuration list for PBXNativeTarget "iOS MinerUITests" */;
			buildPhases = (
				8A4F1CAF200E9FD600BD0360 /* Sources */,
				8A4F1CB0200E9FD600BD0360 /* Frameworks */,
				8A4F1CB1200E9FD600BD0360 /* Resources */,
			);
			buildRules = (
			);
			dependencies = (
				8A4F1CB5200E9FD600BD0360 /* PBXTargetDependency */,
			);
			name = "iOS MinerUITests";
			productName = "iOS MinerUITests";
			productReference = 8A4F1CB3200E9FD600BD0360 /* iOS MinerUITests.xctest */;
			productType = "com.apple.product-type.bundle.ui-testing";
		};
/* End PBXNativeTarget section */

/* Begin PBXProject section */
		8A4F1C82200E9FD500BD0360 /* Project object */ = {
			isa = PBXProject;
			attributes = {
				LastUpgradeCheck = 0920;
				ORGANIZATIONNAME = "Ethan Dye";
				TargetAttributes = {
					8A4F1C89200E9FD500BD0360 = {
						CreatedOnToolsVersion = 9.2;
						ProvisioningStyle = Automatic;
						SystemCapabilities = {
							com.apple.BackgroundModes = {
								enabled = 1;
							};
						};
					};
					8A4F1CA7200E9FD600BD0360 = {
						CreatedOnToolsVersion = 9.2;
						ProvisioningStyle = Automatic;
						TestTargetID = 8A4F1C89200E9FD500BD0360;
					};
					8A4F1CB2200E9FD600BD0360 = {
						CreatedOnToolsVersion = 9.2;
						ProvisioningStyle = Automatic;
						TestTargetID = 8A4F1C89200E9FD500BD0360;
					};
				};
			};
			buildConfigurationList = 8A4F1C85200E9FD500BD0360 /* Build configuration list for PBXProject "iOS Miner" */;
			compatibilityVersion = "Xcode 8.0";
			developmentRegion = en;
			hasScannedForEncodings = 0;
			knownRegions = (
				en,
				Base,
			);
			mainGroup = 8A4F1C81200E9FD500BD0360;
			productRefGroup = 8A4F1C8B200E9FD500BD0360 /* Products */;
			projectDirPath = "";
			projectRoot = "";
			targets = (
				8A4F1C89200E9FD500BD0360 /* iOS Miner */,
				8A4F1CA7200E9FD600BD0360 /* iOS MinerTests */,
				8A4F1CB2200E9FD600BD0360 /* iOS MinerUITests */,
			);
		};
/* End PBXProject section */

/* Begin PBXResourcesBuildPhase section */
		8A4F1C88200E9FD500BD0360 /* Resources */ = {
			isa = PBXResourcesBuildPhase;
			buildActionMask = 2147483647;
			files = (
				8A4F1CA0200E9FD500BD0360 /* LaunchScreen.storyboard in Resources */,
				8A4F1CEA200EAD0400BD0360 /* Disclaimer.txt in Resources */,
				8A4F1CEC200EAD0400BD0360 /* License.txt in Resources */,
				8A4F1C9D200E9FD500BD0360 /* Assets.xcassets in Resources */,
				8A4F1CEB200EAD0400BD0360 /* empty.wav in Resources */,
				8A4F1CFA200EB16000BD0360 /* love@2x.png in Resources */,
				8A4F1C9B200E9FD500BD0360 /* Main.storyboard in Resources */,
			);
			runOnlyForDeploymentPostprocessing = 0;
		};
		8A4F1CA6200E9FD600BD0360 /* Resources */ = {
			isa = PBXResourcesBuildPhase;
			buildActionMask = 2147483647;
			files = (
			);
			runOnlyForDeploymentPostprocessing = 0;
		};
		8A4F1CB1200E9FD600BD0360 /* Resources */ = {
			isa = PBXResourcesBuildPhase;
			buildActionMask = 2147483647;
			files = (
			);
			runOnlyForDeploymentPostprocessing = 0;
		};
/* End PBXResourcesBuildPhase section */

/* Begin PBXSourcesBuildPhase section */
		8A4F1C86200E9FD500BD0360 /* Sources */ = {
			isa = PBXSourcesBuildPhase;
			buildActionMask = 2147483647;
			files = (
				8A4F1CA3200E9FD500BD0360 /* main.m in Sources */,
				8A4F1CD6200EAA6400BD0360 /* LogViewController.m in Sources */,
				8A4F1CD3200EA94A00BD0360 /* LicenseViewController.m in Sources */,
				8A4F1CD9200EAB3500BD0360 /* MainViewController.m in Sources */,
				8A4F1CDF200EABF400BD0360 /* Reachability.m in Sources */,
				8A4F1CE1200EAC2D00BD0360 /* ViewController.m in Sources */,
				8A4F1CCD200EA75500BD0360 /* CustomCell.m in Sources */,
				8A4F1CCA200EA69500BD0360 /* BackgroundTask.m in Sources */,
				8A4F1C8F200E9FD500BD0360 /* AppDelegate.m in Sources */,
				8A4F1CDC200EAB8300BD0360 /* ManageConfigurationController.m in Sources */,
				8A4F1CE5200EACBA00BD0360 /* AddConfigurationViewController.m in Sources */,
				8A4F1CD0200EA7DB00BD0360 /* GrayTableController.m in Sources */,
			);
			runOnlyForDeploymentPostprocessing = 0;
		};
		8A4F1CA4200E9FD600BD0360 /* Sources */ = {
			isa = PBXSourcesBuildPhase;
			buildActionMask = 2147483647;
			files = (
				8A4F1CAD200E9FD600BD0360 /* iOS_MinerTests.m in Sources */,
			);
			runOnlyForDeploymentPostprocessing = 0;
		};
		8A4F1CAF200E9FD600BD0360 /* Sources */ = {
			isa = PBXSourcesBuildPhase;
			buildActionMask = 2147483647;
			files = (
				8A4F1CB8200E9FD600BD0360 /* iOS_MinerUITests.m in Sources */,
			);
			runOnlyForDeploymentPostprocessing = 0;
		};
/* End PBXSourcesBuildPhase section */

/* Begin PBXTargetDependency section */
		8A4F1CAA200E9FD600BD0360 /* PBXTargetDependency */ = {
			isa = PBXTargetDependency;
			target = 8A4F1C89200E9FD500BD0360 /* iOS Miner */;
			targetProxy = 8A4F1CA9200E9FD600BD0360 /* PBXContainerItemProxy */;
		};
		8A4F1CB5200E9FD600BD0360 /* PBXTargetDependency */ = {
			isa = PBXTargetDependency;
			target = 8A4F1C89200E9FD500BD0360 /* iOS Miner */;
			targetProxy = 8A4F1CB4200E9FD600BD0360 /* PBXContainerItemProxy */;
		};
/* End PBXTargetDependency section */

/* Begin PBXVariantGroup section */
		8A4F1C99200E9FD500BD0360 /* Main.storyboard */ = {
			isa = PBXVariantGroup;
			children = (
				8A4F1C9A200E9FD500BD0360 /* Base */,
			);
			name = Main.storyboard;
			sourceTree = "<group>";
		};
		8A4F1C9E200E9FD500BD0360 /* LaunchScreen.storyboard */ = {
			isa = PBXVariantGroup;
			children = (
				8A4F1C9F200E9FD500BD0360 /* Base */,
			);
			name = LaunchScreen.storyboard;
			sourceTree = "<group>";
		};
/* End PBXVariantGroup section */

/* Begin XCBuildConfiguration section */
		8A4F1CBA200E9FD600BD0360 /* Debug */ = {
			isa = XCBuildConfiguration;
			buildSettings = {
				ALWAYS_SEARCH_USER_PATHS = NO;
				CLANG_ANALYZER_NONNULL = YES;
				CLANG_ANALYZER_NUMBER_OBJECT_CONVERSION = YES_AGGRESSIVE;
				CLANG_CXX_LANGUAGE_STANDARD = "gnu++14";
				CLANG_CXX_LIBRARY = "libc++";
				CLANG_ENABLE_MODULES = YES;
				CLANG_ENABLE_OBJC_ARC = YES;
				CLANG_WARN_BLOCK_CAPTURE_AUTORELEASING = YES;
				CLANG_WARN_BOOL_CONVERSION = YES;
				CLANG_WARN_COMMA = YES;
				CLANG_WARN_CONSTANT_CONVERSION = YES;
				CLANG_WARN_DIRECT_OBJC_ISA_USAGE = YES_ERROR;
				CLANG_WARN_DOCUMENTATION_COMMENTS = YES;
				CLANG_WARN_EMPTY_BODY = YES;
				CLANG_WARN_ENUM_CONVERSION = YES;
				CLANG_WARN_INFINITE_RECURSION = YES;
				CLANG_WARN_INT_CONVERSION = YES;
				CLANG_WARN_NON_LITERAL_NULL_CONVERSION = YES;
				CLANG_WARN_OBJC_LITERAL_CONVERSION = YES;
				CLANG_WARN_OBJC_ROOT_CLASS = YES_ERROR;
				CLANG_WARN_RANGE_LOOP_ANALYSIS = YES;
				CLANG_WARN_STRICT_PROTOTYPES = YES;
				CLANG_WARN_SUSPICIOUS_MOVE = YES;
				CLANG_WARN_UNGUARDED_AVAILABILITY = YES_AGGRESSIVE;
				CLANG_WARN_UNREACHABLE_CODE = YES;
				CLANG_WARN__DUPLICATE_METHOD_MATCH = YES;
				CODE_SIGN_IDENTITY = "iPhone Developer";
				COPY_PHASE_STRIP = NO;
				DEBUG_INFORMATION_FORMAT = dwarf;
				ENABLE_STRICT_OBJC_MSGSEND = YES;
				ENABLE_TESTABILITY = YES;
				GCC_C_LANGUAGE_STANDARD = gnu11;
				GCC_DYNAMIC_NO_PIC = NO;
				GCC_NO_COMMON_BLOCKS = YES;
				GCC_OPTIMIZATION_LEVEL = 0;
				GCC_PREPROCESSOR_DEFINITIONS = (
					"DEBUG=1",
					"$(inherited)",
				);
				GCC_WARN_64_TO_32_BIT_CONVERSION = YES;
				GCC_WARN_ABOUT_RETURN_TYPE = YES_ERROR;
				GCC_WARN_UNDECLARED_SELECTOR = YES;
				GCC_WARN_UNINITIALIZED_AUTOS = YES_AGGRESSIVE;
				GCC_WARN_UNUSED_FUNCTION = YES;
				GCC_WARN_UNUSED_VARIABLE = YES;
				IPHONEOS_DEPLOYMENT_TARGET = 11.2;
				MTL_ENABLE_DEBUG_INFO = YES;
				ONLY_ACTIVE_ARCH = YES;
				SDKROOT = iphoneos;
			};
			name = Debug;
		};
		8A4F1CBB200E9FD600BD0360 /* Release */ = {
			isa = XCBuildConfiguration;
			buildSettings = {
				ALWAYS_SEARCH_USER_PATHS = NO;
				CLANG_ANALYZER_NONNULL = YES;
				CLANG_ANALYZER_NUMBER_OBJECT_CONVERSION = YES_AGGRESSIVE;
				CLANG_CXX_LANGUAGE_STANDARD = "gnu++14";
				CLANG_CXX_LIBRARY = "libc++";
				CLANG_ENABLE_MODULES = YES;
				CLANG_ENABLE_OBJC_ARC = YES;
				CLANG_WARN_BLOCK_CAPTURE_AUTORELEASING = YES;
				CLANG_WARN_BOOL_CONVERSION = YES;
				CLANG_WARN_COMMA = YES;
				CLANG_WARN_CONSTANT_CONVERSION = YES;
				CLANG_WARN_DIRECT_OBJC_ISA_USAGE = YES_ERROR;
				CLANG_WARN_DOCUMENTATION_COMMENTS = YES;
				CLANG_WARN_EMPTY_BODY = YES;
				CLANG_WARN_ENUM_CONVERSION = YES;
				CLANG_WARN_INFINITE_RECURSION = YES;
				CLANG_WARN_INT_CONVERSION = YES;
				CLANG_WARN_NON_LITERAL_NULL_CONVERSION = YES;
				CLANG_WARN_OBJC_LITERAL_CONVERSION = YES;
				CLANG_WARN_OBJC_ROOT_CLASS = YES_ERROR;
				CLANG_WARN_RANGE_LOOP_ANALYSIS = YES;
				CLANG_WARN_STRICT_PROTOTYPES = YES;
				CLANG_WARN_SUSPICIOUS_MOVE = YES;
				CLANG_WARN_UNGUARDED_AVAILABILITY = YES_AGGRESSIVE;
				CLANG_WARN_UNREACHABLE_CODE = YES;
				CLANG_WARN__DUPLICATE_METHOD_MATCH = YES;
				CODE_SIGN_IDENTITY = "iPhone Developer";
				COPY_PHASE_STRIP = NO;
				DEBUG_INFORMATION_FORMAT = "dwarf-with-dsym";
				ENABLE_NS_ASSERTIONS = NO;
				ENABLE_STRICT_OBJC_MSGSEND = YES;
				GCC_C_LANGUAGE_STANDARD = gnu11;
				GCC_NO_COMMON_BLOCKS = YES;
				GCC_WARN_64_TO_32_BIT_CONVERSION = YES;
				GCC_WARN_ABOUT_RETURN_TYPE = YES_ERROR;
				GCC_WARN_UNDECLARED_SELECTOR = YES;
				GCC_WARN_UNINITIALIZED_AUTOS = YES_AGGRESSIVE;
				GCC_WARN_UNUSED_FUNCTION = YES;
				GCC_WARN_UNUSED_VARIABLE = YES;
				IPHONEOS_DEPLOYMENT_TARGET = 11.2;
				MTL_ENABLE_DEBUG_INFO = NO;
				SDKROOT = iphoneos;
				VALIDATE_PRODUCT = YES;
			};
			name = Release;
		};
		8A4F1CBD200E9FD600BD0360 /* Debug */ = {
			isa = XCBuildConfiguration;
			buildSettings = {
				ASSETCATALOG_COMPILER_APPICON_NAME = AppIcon;
				CLANG_ENABLE_OBJC_ARC = NO;
				CODE_SIGN_STYLE = Automatic;
				DEVELOPMENT_TEAM = 76LDH4RN9K;
				ENABLE_BITCODE = NO;
				INFOPLIST_FILE = "iOS Miner/Info.plist";
				LD_RUNPATH_SEARCH_PATHS = "$(inherited) @executable_path/Frameworks";
				LIBRARY_SEARCH_PATHS = (
					"$(inherited)",
					"$(PROJECT_DIR)/iOS\\ Miner/**",
					"$(PROJECT_DIR)/iOS\\ Miner/**",
					"$(PROJECT_DIR)/iOS\\ Miner/**",
					"$(PROJECT_DIR)/iOS\\ Miner/**",
				);
				OTHER_LDFLAGS = "-all_load";
				PRODUCT_BUNDLE_IDENTIFIER = "Dye-Enterprises.iOS-Miner";
				PRODUCT_NAME = "$(TARGET_NAME)";
				TARGETED_DEVICE_FAMILY = "1,2";
			};
			name = Debug;
		};
		8A4F1CBE200E9FD600BD0360 /* Release */ = {
			isa = XCBuildConfiguration;
			buildSettings = {
				ASSETCATALOG_COMPILER_APPICON_NAME = AppIcon;
				CLANG_ENABLE_OBJC_ARC = NO;
				CODE_SIGN_STYLE = Automatic;
				DEVELOPMENT_TEAM = 76LDH4RN9K;
				ENABLE_BITCODE = NO;
				INFOPLIST_FILE = "iOS Miner/Info.plist";
				LD_RUNPATH_SEARCH_PATHS = "$(inherited) @executable_path/Frameworks";
				LIBRARY_SEARCH_PATHS = (
					"$(inherited)",
					"$(PROJECT_DIR)/iOS\\ Miner/**",
					"$(PROJECT_DIR)/iOS\\ Miner/**",
					"$(PROJECT_DIR)/iOS\\ Miner/**",
					"$(PROJECT_DIR)/iOS\\ Miner/**",
				);
				OTHER_LDFLAGS = "-all_load";
				PRODUCT_BUNDLE_IDENTIFIER = "Dye-Enterprises.iOS-Miner";
				PRODUCT_NAME = "$(TARGET_NAME)";
				TARGETED_DEVICE_FAMILY = "1,2";
			};
			name = Release;
		};
		8A4F1CC0200E9FD600BD0360 /* Debug */ = {
			isa = XCBuildConfiguration;
			buildSettings = {
				BUNDLE_LOADER = "$(TEST_HOST)";
				CODE_SIGN_STYLE = Automatic;
				DEVELOPMENT_TEAM = 76LDH4RN9K;
				INFOPLIST_FILE = "iOS MinerTests/Info.plist";
				LD_RUNPATH_SEARCH_PATHS = "$(inherited) @executable_path/Frameworks @loader_path/Frameworks";
				PRODUCT_BUNDLE_IDENTIFIER = "Dye-Enterprises.iOS-MinerTests";
				PRODUCT_NAME = "$(TARGET_NAME)";
				TARGETED_DEVICE_FAMILY = "1,2";
				TEST_HOST = "$(BUILT_PRODUCTS_DIR)/iOS Miner.app/iOS Miner";
			};
			name = Debug;
		};
		8A4F1CC1200E9FD600BD0360 /* Release */ = {
			isa = XCBuildConfiguration;
			buildSettings = {
				BUNDLE_LOADER = "$(TEST_HOST)";
				CODE_SIGN_STYLE = Automatic;
				DEVELOPMENT_TEAM = 76LDH4RN9K;
				INFOPLIST_FILE = "iOS MinerTests/Info.plist";
				LD_RUNPATH_SEARCH_PATHS = "$(inherited) @executable_path/Frameworks @loader_path/Frameworks";
				PRODUCT_BUNDLE_IDENTIFIER = "Dye-Enterprises.iOS-MinerTests";
				PRODUCT_NAME = "$(TARGET_NAME)";
				TARGETED_DEVICE_FAMILY = "1,2";
				TEST_HOST = "$(BUILT_PRODUCTS_DIR)/iOS Miner.app/iOS Miner";
			};
			name = Release;
		};
		8A4F1CC3200E9FD600BD0360 /* Debug */ = {
			isa = XCBuildConfiguration;
			buildSettings = {
				CODE_SIGN_STYLE = Automatic;
				DEVELOPMENT_TEAM = 76LDH4RN9K;
				INFOPLIST_FILE = "iOS MinerUITests/Info.plist";
				LD_RUNPATH_SEARCH_PATHS = "$(inherited) @executable_path/Frameworks @loader_path/Frameworks";
				PRODUCT_BUNDLE_IDENTIFIER = "Dye-Enterprises.iOS-MinerUITests";
				PRODUCT_NAME = "$(TARGET_NAME)";
				TARGETED_DEVICE_FAMILY = "1,2";
				TEST_TARGET_NAME = "iOS Miner";
			};
			name = Debug;
		};
		8A4F1CC4200E9FD600BD0360 /* Release */ = {
			isa = XCBuildConfiguration;
			buildSettings = {
				CODE_SIGN_STYLE = Automatic;
				DEVELOPMENT_TEAM = 76LDH4RN9K;
				INFOPLIST_FILE = "iOS MinerUITests/Info.plist";
				LD_RUNPATH_SEARCH_PATHS = "$(inherited) @executable_path/Frameworks @loader_path/Frameworks";
				PRODUCT_BUNDLE_IDENTIFIER = "Dye-Enterprises.iOS-MinerUITests";
				PRODUCT_NAME = "$(TARGET_NAME)";
				TARGETED_DEVICE_FAMILY = "1,2";
				TEST_TARGET_NAME = "iOS Miner";
			};
			name = Release;
		};
/* End XCBuildConfiguration section */

/* Begin XCConfigurationList section */
		8A4F1C85200E9FD500BD0360 /* Build configuration list for PBXProject "iOS Miner" */ = {
			isa = XCConfigurationList;
			buildConfigurations = (
				8A4F1CBA200E9FD600BD0360 /* Debug */,
				8A4F1CBB200E9FD600BD0360 /* Release */,
			);
			defaultConfigurationIsVisible = 0;
			defaultConfigurationName = Release;
		};
		8A4F1CBC200E9FD600BD0360 /* Build configuration list for PBXNativeTarget "iOS Miner" */ = {
			isa = XCConfigurationList;
			buildConfigurations = (
				8A4F1CBD200E9FD600BD0360 /* Debug */,
				8A4F1CBE200E9FD600BD0360 /* Release */,
			);
			defaultConfigurationIsVisible = 0;
			defaultConfigurationName = Release;
		};
		8A4F1CBF200E9FD600BD0360 /* Build configuration list for PBXNativeTarget "iOS MinerTests" */ = {
			isa = XCConfigurationList;
			buildConfigurations = (
				8A4F1CC0200E9FD600BD0360 /* Debug */,
				8A4F1CC1200E9FD600BD0360 /* Release */,
			);
			defaultConfigurationIsVisible = 0;
			defaultConfigurationName = Release;
		};
		8A4F1CC2200E9FD600BD0360 /* Build configuration list for PBXNativeTarget "iOS MinerUITests" */ = {
			isa = XCConfigurationList;
			buildConfigurations = (
				8A4F1CC3200E9FD600BD0360 /* Debug */,
				8A4F1CC4200E9FD600BD0360 /* Release */,
			);
			defaultConfigurationIsVisible = 0;
			defaultConfigurationName = Release;
		};
/* End XCConfigurationList section */
	};
	rootObject = 8A4F1C82200E9FD500BD0360 /* Project object */;
}
